// !$*UTF8*$!
{
	archiveVersion = 1;
	classes = {
	};
	objectVersion = 46;
	objects = {

/* Begin PBXBuildFile section */
		9ADFF5F1155A40D79233E646 /* libDropRefreshControl.a in Frameworks */ = {isa = PBXBuildFile; fileRef = 9E681D84186F4F31ADDBD4A5 /* libDropRefreshControl.a */; };
		B3E7B58A1CC2AC0600A0062D /* RNReactNativeDocViewer.m in Sources */ = {isa = PBXBuildFile; fileRef = B3E7B5891CC2AC0600A0062D /* RNReactNativeDocViewer.m */; };
		D99D5D96F6AF4740B2A7B7D6 /* ODRefreshControlDemo.app in Frameworks */ = {isa = PBXBuildFile; fileRef = 9491278985B6420CB2BB4F26 /* ODRefreshControlDemo.app */; };
/* End PBXBuildFile section */

/* Begin PBXContainerItemProxy section */
		28EDA5391FA21BA600253F3E /* PBXContainerItemProxy */ = {
			isa = PBXContainerItemProxy;
			containerPortal = 3F4F92B858D244DFA970C9BD /* DropRefreshControl.xcodeproj */;
			proxyType = 2;
			remoteGlobalIDString = 134814201AA4EA6300B7C361;
			remoteInfo = DropRefreshControl;
		};
		28EDA5641FA21E6C00253F3E /* PBXContainerItemProxy */ = {
			isa = PBXContainerItemProxy;
			containerPortal = 893CF79BDCE8414890B6C081 /* ODRefreshControlDemo.xcodeproj */;
			proxyType = 2;
			remoteGlobalIDString = E5013A1C15A43A940035F4A0;
			remoteInfo = ODRefreshControlDemo;
		};
/* End PBXContainerItemProxy section */

/* Begin PBXCopyFilesBuildPhase section */
		58B511D91A9E6C8500147676 /* CopyFiles */ = {
			isa = PBXCopyFilesBuildPhase;
			buildActionMask = 2147483647;
			dstPath = "include/$(PRODUCT_NAME)";
			dstSubfolderSpec = 16;
			files = (
			);
			runOnlyForDeploymentPostprocessing = 0;
		};
/* End PBXCopyFilesBuildPhase section */

/* Begin PBXFileReference section */
		134814201AA4EA6300B7C361 /* libRNReactNativeDocViewer.a */ = {isa = PBXFileReference; explicitFileType = archive.ar; includeInIndex = 0; path = libRNReactNativeDocViewer.a; sourceTree = BUILT_PRODUCTS_DIR; };
		3F4F92B858D244DFA970C9BD /* DropRefreshControl.xcodeproj */ = {isa = PBXFileReference; explicitFileType = undefined; fileEncoding = 9; includeInIndex = 0; lastKnownFileType = "wrapper.pb-project"; name = DropRefreshControl.xcodeproj; path = "../node_modules/react-native-drop-refresh/DropRefreshControl.xcodeproj"; sourceTree = "<group>"; };
		893CF79BDCE8414890B6C081 /* ODRefreshControlDemo.xcodeproj */ = {isa = PBXFileReference; explicitFileType = undefined; fileEncoding = 9; includeInIndex = 0; lastKnownFileType = "wrapper.pb-project"; name = ODRefreshControlDemo.xcodeproj; path = "../node_modules/react-native-refresh-control/ODRefreshControl/Demo/ODRefreshControlDemo.xcodeproj"; sourceTree = "<group>"; };
		9491278985B6420CB2BB4F26 /* ODRefreshControlDemo.app */ = {isa = PBXFileReference; explicitFileType = undefined; fileEncoding = 9; includeInIndex = 0; lastKnownFileType = wrapper.application; path = ODRefreshControlDemo.app; sourceTree = "<group>"; };
		9E681D84186F4F31ADDBD4A5 /* libDropRefreshControl.a */ = {isa = PBXFileReference; explicitFileType = undefined; fileEncoding = 9; includeInIndex = 0; lastKnownFileType = archive.ar; path = libDropRefreshControl.a; sourceTree = "<group>"; };
		B3E7B5881CC2AC0600A0062D /* RNReactNativeDocViewer.h */ = {isa = PBXFileReference; fileEncoding = 4; lastKnownFileType = sourcecode.c.h; path = RNReactNativeDocViewer.h; sourceTree = "<group>"; };
		B3E7B5891CC2AC0600A0062D /* RNReactNativeDocViewer.m */ = {isa = PBXFileReference; fileEncoding = 4; lastKnownFileType = sourcecode.c.objc; path = RNReactNativeDocViewer.m; sourceTree = "<group>"; };
/* End PBXFileReference section */

/* Begin PBXFrameworksBuildPhase section */
		58B511D81A9E6C8500147676 /* Frameworks */ = {
			isa = PBXFrameworksBuildPhase;
			buildActionMask = 2147483647;
			files = (
				9ADFF5F1155A40D79233E646 /* libDropRefreshControl.a in Frameworks */,
				D99D5D96F6AF4740B2A7B7D6 /* ODRefreshControlDemo.app in Frameworks */,
			);
			runOnlyForDeploymentPostprocessing = 0;
		};
/* End PBXFrameworksBuildPhase section */

/* Begin PBXGroup section */
		134814211AA4EA7D00B7C361 /* Products */ = {
			isa = PBXGroup;
			children = (
				134814201AA4EA6300B7C361 /* libRNReactNativeDocViewer.a */,
			);
			name = Products;
			sourceTree = "<group>";
		};
		28EDA5351FA21BA200253F3E /* Recovered References */ = {
			isa = PBXGroup;
			children = (
				9E681D84186F4F31ADDBD4A5 /* libDropRefreshControl.a */,
				9491278985B6420CB2BB4F26 /* ODRefreshControlDemo.app */,
			);
			name = "Recovered References";
			sourceTree = "<group>";
		};
		28EDA5361FA21BA500253F3E /* Products */ = {
			isa = PBXGroup;
			children = (
				28EDA53A1FA21BA600253F3E /* libDropRefreshControl.a */,
			);
			name = Products;
			sourceTree = "<group>";
		};
		28EDA5611FA21E6C00253F3E /* Products */ = {
			isa = PBXGroup;
			children = (
				28EDA5651FA21E6C00253F3E /* ODRefreshControlDemo.app */,
			);
			name = Products;
			sourceTree = "<group>";
		};
		58B511D21A9E6C8500147676 = {
			isa = PBXGroup;
			children = (
				B3E7B5881CC2AC0600A0062D /* RNReactNativeDocViewer.h */,
				B3E7B5891CC2AC0600A0062D /* RNReactNativeDocViewer.m */,
				134814211AA4EA7D00B7C361 /* Products */,
				CE1E767C7183469BBCBC6830 /* Libraries */,
				28EDA5351FA21BA200253F3E /* Recovered References */,
			);
			sourceTree = "<group>";
		};
		CE1E767C7183469BBCBC6830 /* Libraries */ = {
			isa = PBXGroup;
			children = (
				3F4F92B858D244DFA970C9BD /* DropRefreshControl.xcodeproj */,
				893CF79BDCE8414890B6C081 /* ODRefreshControlDemo.xcodeproj */,
			);
			name = Libraries;
			sourceTree = "<group>";
		};
/* End PBXGroup section */

/* Begin PBXNativeTarget section */
		58B511DA1A9E6C8500147676 /* RNReactNativeDocViewer */ = {
			isa = PBXNativeTarget;
			buildConfigurationList = 58B511EF1A9E6C8500147676 /* Build configuration list for PBXNativeTarget "RNReactNativeDocViewer" */;
			buildPhases = (
				58B511D71A9E6C8500147676 /* Sources */,
				58B511D81A9E6C8500147676 /* Frameworks */,
				58B511D91A9E6C8500147676 /* CopyFiles */,
			);
			buildRules = (
			);
			dependencies = (
			);
			name = RNReactNativeDocViewer;
			productName = RCTDataManager;
			productReference = 134814201AA4EA6300B7C361 /* libRNReactNativeDocViewer.a */;
			productType = "com.apple.product-type.library.static";
		};
/* End PBXNativeTarget section */

/* Begin PBXProject section */
		58B511D31A9E6C8500147676 /* Project object */ = {
			isa = PBXProject;
			attributes = {
				LastUpgradeCheck = 610;
				ORGANIZATIONNAME = Facebook;
				TargetAttributes = {
					58B511DA1A9E6C8500147676 = {
						CreatedOnToolsVersion = 6.1.1;
					};
				};
			};
			buildConfigurationList = 58B511D61A9E6C8500147676 /* Build configuration list for PBXProject "RNReactNativeDocViewer" */;
			compatibilityVersion = "Xcode 3.2";
			developmentRegion = English;
			hasScannedForEncodings = 0;
			knownRegions = (
				en,
			);
			mainGroup = 58B511D21A9E6C8500147676;
			productRefGroup = 58B511D21A9E6C8500147676;
			projectDirPath = "";
			projectReferences = (
				{
					ProductGroup = 28EDA5361FA21BA500253F3E /* Products */;
					ProjectRef = 3F4F92B858D244DFA970C9BD /* DropRefreshControl.xcodeproj */;
				},
				{
					ProductGroup = 28EDA5611FA21E6C00253F3E /* Products */;
					ProjectRef = 893CF79BDCE8414890B6C081 /* ODRefreshControlDemo.xcodeproj */;
				},
			);
			projectRoot = "";
			targets = (
				58B511DA1A9E6C8500147676 /* RNReactNativeDocViewer */,
			);
		};
/* End PBXProject section */

/* Begin PBXReferenceProxy section */
		28EDA53A1FA21BA600253F3E /* libDropRefreshControl.a */ = {
			isa = PBXReferenceProxy;
			fileType = archive.ar;
			path = libDropRefreshControl.a;
			remoteRef = 28EDA5391FA21BA600253F3E /* PBXContainerItemProxy */;
			sourceTree = BUILT_PRODUCTS_DIR;
		};
		28EDA5651FA21E6C00253F3E /* ODRefreshControlDemo.app */ = {
			isa = PBXReferenceProxy;
			fileType = wrapper.application;
			path = ODRefreshControlDemo.app;
			remoteRef = 28EDA5641FA21E6C00253F3E /* PBXContainerItemProxy */;
			sourceTree = BUILT_PRODUCTS_DIR;
		};
/* End PBXReferenceProxy section */

/* Begin PBXSourcesBuildPhase section */
		58B511D71A9E6C8500147676 /* Sources */ = {
			isa = PBXSourcesBuildPhase;
			buildActionMask = 2147483647;
			files = (
				B3E7B58A1CC2AC0600A0062D /* RNReactNativeDocViewer.m in Sources */,
			);
			runOnlyForDeploymentPostprocessing = 0;
		};
/* End PBXSourcesBuildPhase section */

/* Begin XCBuildConfiguration section */
		58B511ED1A9E6C8500147676 /* Debug */ = {
			isa = XCBuildConfiguration;
			buildSettings = {
				ALWAYS_SEARCH_USER_PATHS = NO;
				CLANG_CXX_LANGUAGE_STANDARD = "gnu++0x";
				CLANG_CXX_LIBRARY = "libc++";
				CLANG_ENABLE_MODULES = YES;
				CLANG_ENABLE_OBJC_ARC = YES;
				CLANG_WARN_BOOL_CONVERSION = YES;
				CLANG_WARN_CONSTANT_CONVERSION = YES;
				CLANG_WARN_DIRECT_OBJC_ISA_USAGE = YES_ERROR;
				CLANG_WARN_EMPTY_BODY = YES;
				CLANG_WARN_ENUM_CONVERSION = YES;
				CLANG_WARN_INT_CONVERSION = YES;
				CLANG_WARN_OBJC_ROOT_CLASS = YES_ERROR;
				CLANG_WARN_UNREACHABLE_CODE = YES;
				CLANG_WARN__DUPLICATE_METHOD_MATCH = YES;
				COPY_PHASE_STRIP = NO;
				ENABLE_STRICT_OBJC_MSGSEND = YES;
				GCC_C_LANGUAGE_STANDARD = gnu99;
				GCC_DYNAMIC_NO_PIC = NO;
				GCC_OPTIMIZATION_LEVEL = 0;
				GCC_PREPROCESSOR_DEFINITIONS = (
					"DEBUG=1",
					"$(inherited)",
				);
				GCC_SYMBOLS_PRIVATE_EXTERN = NO;
				GCC_WARN_64_TO_32_BIT_CONVERSION = YES;
				GCC_WARN_ABOUT_RETURN_TYPE = YES_ERROR;
				GCC_WARN_UNDECLARED_SELECTOR = YES;
				GCC_WARN_UNINITIALIZED_AUTOS = YES_AGGRESSIVE;
				GCC_WARN_UNUSED_FUNCTION = YES;
				GCC_WARN_UNUSED_VARIABLE = YES;
				IPHONEOS_DEPLOYMENT_TARGET = 7.0;
				MTL_ENABLE_DEBUG_INFO = YES;
				ONLY_ACTIVE_ARCH = YES;
				SDKROOT = iphoneos;
			};
			name = Debug;
		};
		58B511EE1A9E6C8500147676 /* Release */ = {
			isa = XCBuildConfiguration;
			buildSettings = {
				ALWAYS_SEARCH_USER_PATHS = NO;
				CLANG_CXX_LANGUAGE_STANDARD = "gnu++0x";
				CLANG_CXX_LIBRARY = "libc++";
				CLANG_ENABLE_MODULES = YES;
				CLANG_ENABLE_OBJC_ARC = YES;
				CLANG_WARN_BOOL_CONVERSION = YES;
				CLANG_WARN_CONSTANT_CONVERSION = YES;
				CLANG_WARN_DIRECT_OBJC_ISA_USAGE = YES_ERROR;
				CLANG_WARN_EMPTY_BODY = YES;
				CLANG_WARN_ENUM_CONVERSION = YES;
				CLANG_WARN_INT_CONVERSION = YES;
				CLANG_WARN_OBJC_ROOT_CLASS = YES_ERROR;
				CLANG_WARN_UNREACHABLE_CODE = YES;
				CLANG_WARN__DUPLICATE_METHOD_MATCH = YES;
				COPY_PHASE_STRIP = YES;
				ENABLE_NS_ASSERTIONS = NO;
				ENABLE_STRICT_OBJC_MSGSEND = YES;
				GCC_C_LANGUAGE_STANDARD = gnu99;
				GCC_WARN_64_TO_32_BIT_CONVERSION = YES;
				GCC_WARN_ABOUT_RETURN_TYPE = YES_ERROR;
				GCC_WARN_UNDECLARED_SELECTOR = YES;
				GCC_WARN_UNINITIALIZED_AUTOS = YES_AGGRESSIVE;
				GCC_WARN_UNUSED_FUNCTION = YES;
				GCC_WARN_UNUSED_VARIABLE = YES;
				IPHONEOS_DEPLOYMENT_TARGET = 7.0;
				MTL_ENABLE_DEBUG_INFO = NO;
				SDKROOT = iphoneos;
				VALIDATE_PRODUCT = YES;
			};
			name = Release;
		};
		58B511F01A9E6C8500147676 /* Debug */ = {
			isa = XCBuildConfiguration;
			buildSettings = {
				HEADER_SEARCH_PATHS = (
					"$(inherited)",
					/Applications/Xcode.app/Contents/Developer/Toolchains/XcodeDefault.xctoolchain/usr/include,
					"$(SRCROOT)/../../../React/**",
					"$(SRCROOT)/../../react-native/React/**",
					"$(SRCROOT)/../node_modules/react-native-drop-refresh/**",
					"$(SRCROOT)/../node_modules/react-native-refresh-control/**",
				);
				LIBRARY_SEARCH_PATHS = (
					"$(inherited)",
					"\"$(SRCROOT)/RNReactNativeDocViewer\"",
					"\"$(SRCROOT)/RNReactNativeDocViewer\"",
				);
				OTHER_LDFLAGS = "-ObjC";
				PRODUCT_NAME = RNReactNativeDocViewer;
				SKIP_INSTALL = YES;
			};
			name = Debug;
		};
		58B511F11A9E6C8500147676 /* Release */ = {
			isa = XCBuildConfiguration;
			buildSettings = {
				HEADER_SEARCH_PATHS = (
					"$(inherited)",
					/Applications/Xcode.app/Contents/Developer/Toolchains/XcodeDefault.xctoolchain/usr/include,
					"$(SRCROOT)/../../../React/**",
					"$(SRCROOT)/../../react-native/React/**",
					"$(SRCROOT)/../node_modules/react-native-drop-refresh/**",
					"$(SRCROOT)/../node_modules/react-native-refresh-control/**",
				);
				LIBRARY_SEARCH_PATHS = (
					"$(inherited)",
					"\"$(SRCROOT)/RNReactNativeDocViewer\"",
					"\"$(SRCROOT)/RNReactNativeDocViewer\"",
				);
				OTHER_LDFLAGS = "-ObjC";
				PRODUCT_NAME = RNReactNativeDocViewer;
				SKIP_INSTALL = YES;
			};
			name = Release;
		};
/* End XCBuildConfiguration section */

/* Begin XCConfigurationList section */
		58B511D61A9E6C8500147676 /* Build configuration list for PBXProject "RNReactNativeDocViewer" */ = {
			isa = XCConfigurationList;
			buildConfigurations = (
				58B511ED1A9E6C8500147676 /* Debug */,
				58B511EE1A9E6C8500147676 /* Release */,
			);
			defaultConfigurationIsVisible = 0;
			defaultConfigurationName = Release;
		};
		58B511EF1A9E6C8500147676 /* Build configuration list for PBXNativeTarget "RNReactNativeDocViewer" */ = {
			isa = XCConfigurationList;
			buildConfigurations = (
				58B511F01A9E6C8500147676 /* Debug */,
				58B511F11A9E6C8500147676 /* Release */,
			);
			defaultConfigurationIsVisible = 0;
			defaultConfigurationName = Release;
		};
/* End XCConfigurationList section */
	};
	rootObject = 58B511D31A9E6C8500147676 /* Project object */;
}
